// !$*UTF8*$!
{
	archiveVersion = 1;
	classes = {
	};
	objectVersion = 50;
	objects = {

/* Begin PBXBuildFile section */
		63F0C698229ADD0A00352474 /* AppDelegate.swift in Sources */ = {isa = PBXBuildFile; fileRef = 63F0C697229ADD0A00352474 /* AppDelegate.swift */; };
		63F0C69A229ADD0A00352474 /* ViewController.swift in Sources */ = {isa = PBXBuildFile; fileRef = 63F0C699229ADD0A00352474 /* ViewController.swift */; };
		63F0C69D229ADD0A00352474 /* Main.storyboard in Resources */ = {isa = PBXBuildFile; fileRef = 63F0C69B229ADD0A00352474 /* Main.storyboard */; };
		63F0C69F229ADD0B00352474 /* Assets.xcassets in Resources */ = {isa = PBXBuildFile; fileRef = 63F0C69E229ADD0B00352474 /* Assets.xcassets */; };
		63F0C6A2229ADD0B00352474 /* LaunchScreen.storyboard in Resources */ = {isa = PBXBuildFile; fileRef = 63F0C6A0229ADD0B00352474 /* LaunchScreen.storyboard */; };
/* End PBXBuildFile section */

/* Begin PBXFileReference section */
		63F0C694229ADD0A00352474 /* StructCopyOnWrite.app */ = {isa = PBXFileReference; explicitFileType = wrapper.application; includeInIndex = 0; path = StructCopyOnWrite.app; sourceTree = BUILT_PRODUCTS_DIR; };
		63F0C697229ADD0A00352474 /* AppDelegate.swift */ = {isa = PBXFileReference; lastKnownFileType = sourcecode.swift; path = AppDelegate.swift; sourceTree = "<group>"; };
		63F0C699229ADD0A00352474 /* ViewController.swift */ = {isa = PBXFileReference; lastKnownFileType = sourcecode.swift; path = ViewController.swift; sourceTree = "<group>"; };
		63F0C69C229ADD0A00352474 /* Base */ = {isa = PBXFileReference; lastKnownFileType = file.storyboard; name = Base; path = Base.lproj/Main.storyboard; sourceTree = "<group>"; };
		63F0C69E229ADD0B00352474 /* Assets.xcassets */ = {isa = PBXFileReference; lastKnownFileType = folder.assetcatalog; path = Assets.xcassets; sourceTree = "<group>"; };
		63F0C6A1229ADD0B00352474 /* Base */ = {isa = PBXFileReference; lastKnownFileType = file.storyboard; name = Base; path = Base.lproj/LaunchScreen.storyboard; sourceTree = "<group>"; };
		63F0C6A3229ADD0B00352474 /* Info.plist */ = {isa = PBXFileReference; lastKnownFileType = text.plist.xml; path = Info.plist; sourceTree = "<group>"; };
/* End PBXFileReference section */

/* Begin PBXFrameworksBuildPhase section */
		63F0C691229ADD0A00352474 /* Frameworks */ = {
			isa = PBXFrameworksBuildPhase;
			buildActionMask = 2147483647;
			files = (
			);
			runOnlyForDeploymentPostprocessing = 0;
		};
/* End PBXFrameworksBuildPhase section */

/* Begin PBXGroup section */
		63F0C68B229ADD0A00352474 = {
			isa = PBXGroup;
			children = (
				63F0C696229ADD0A00352474 /* StructCopyOnWrite */,
				63F0C695229ADD0A00352474 /* Products */,
			);
			sourceTree = "<group>";
		};
		63F0C695229ADD0A00352474 /* Products */ = {
			isa = PBXGroup;
			children = (
				63F0C694229ADD0A00352474 /* StructCopyOnWrite.app */,
			);
			name = Products;
			sourceTree = "<group>";
		};
		63F0C696229ADD0A00352474 /* StructCopyOnWrite */ = {
			isa = PBXGroup;
			children = (
				63F0C697229ADD0A00352474 /* AppDelegate.swift */,
				63F0C699229ADD0A00352474 /* ViewController.swift */,
				63F0C69B229ADD0A00352474 /* Main.storyboard */,
				63F0C69E229ADD0B00352474 /* Assets.xcassets */,
				63F0C6A0229ADD0B00352474 /* LaunchScreen.storyboard */,
				63F0C6A3229ADD0B00352474 /* Info.plist */,
			);
			path = StructCopyOnWrite;
			sourceTree = "<group>";
		};
/* End PBXGroup section */

/* Begin PBXNativeTarget section */
		63F0C693229ADD0A00352474 /* StructCopyOnWrite */ = {
			isa = PBXNativeTarget;
			buildConfigurationList = 63F0C6A6229ADD0B00352474 /* Build configuration list for PBXNativeTarget "StructCopyOnWrite" */;
			buildPhases = (
				63F0C690229ADD0A00352474 /* Sources */,
				63F0C691229ADD0A00352474 /* Frameworks */,
				63F0C692229ADD0A00352474 /* Resources */,
			);
			buildRules = (
			);
			dependencies = (
			);
			name = StructCopyOnWrite;
			productName = StructCopyOnWrite;
			productReference = 63F0C694229ADD0A00352474 /* StructCopyOnWrite.app */;
			productType = "com.apple.product-type.application";
		};
/* End PBXNativeTarget section */

/* Begin PBXProject section */
		63F0C68C229ADD0A00352474 /* Project object */ = {
			isa = PBXProject;
			attributes = {
				LastSwiftUpdateCheck = 1000;
				LastUpgradeCheck = 1000;
				ORGANIZATIONNAME = "Iragam Reddy, Sreekanth Reddy";
				TargetAttributes = {
					63F0C693229ADD0A00352474 = {
						CreatedOnToolsVersion = 10.0;
					};
				};
			};
			buildConfigurationList = 63F0C68F229ADD0A00352474 /* Build configuration list for PBXProject "StructCopyOnWrite" */;
			compatibilityVersion = "Xcode 9.3";
			developmentRegion = en;
			hasScannedForEncodings = 0;
			knownRegions = (
				en,
				Base,
			);
			mainGroup = 63F0C68B229ADD0A00352474;
			productRefGroup = 63F0C695229ADD0A00352474 /* Products */;
			projectDirPath = "";
			projectRoot = "";
			targets = (
				63F0C693229ADD0A00352474 /* StructCopyOnWrite */,
			);
		};
/* End PBXProject section */

/* Begin PBXResourcesBuildPhase section */
		63F0C692229ADD0A00352474 /* Resources */ = {
			isa = PBXResourcesBuildPhase;
			buildActionMask = 2147483647;
			files = (
				63F0C6A2229ADD0B00352474 /* LaunchScreen.storyboard in Resources */,
				63F0C69F229ADD0B00352474 /* Assets.xcassets in Resources */,
				63F0C69D229ADD0A00352474 /* Main.storyboard in Resources */,
			);
			runOnlyForDeploymentPostprocessing = 0;
		};
/* End PBXResourcesBuildPhase section */

/* Begin PBXSourcesBuildPhase section */
		63F0C690229ADD0A00352474 /* Sources */ = {
			isa = PBXSourcesBuildPhase;
			buildActionMask = 2147483647;
			files = (
				63F0C69A229ADD0A00352474 /* ViewController.swift in Sources */,
				63F0C698229ADD0A00352474 /* AppDelegate.swift in Sources */,
			);
			runOnlyForDeploymentPostprocessing = 0;
		};
/* End PBXSourcesBuildPhase section */

/* Begin PBXVariantGroup section */
		63F0C69B229ADD0A00352474 /* Main.storyboard */ = {
			isa = PBXVariantGroup;
			children = (
				63F0C69C229ADD0A00352474 /* Base */,
			);
			name = Main.storyboard;
			sourceTree = "<group>";
		};
		63F0C6A0229ADD0B00352474 /* LaunchScreen.storyboard */ = {
			isa = PBXVariantGroup;
			children = (
				63F0C6A1229ADD0B00352474 /* Base */,
			);
			name = LaunchScreen.storyboard;
			sourceTree = "<group>";
		};
/* End PBXVariantGroup section */

/* Begin XCBuildConfiguration section */
		63F0C6A4229ADD0B00352474 /* Debug */ = {
			isa = XCBuildConfiguration;
			buildSettings = {
				ALWAYS_SEARCH_USER_PATHS = NO;
				CLANG_ANALYZER_NONNULL = YES;
				CLANG_ANALYZER_NUMBER_OBJECT_CONVERSION = YES_AGGRESSIVE;
				CLANG_CXX_LANGUAGE_STANDARD = "gnu++14";
				CLANG_CXX_LIBRARY = "libc++";
				CLANG_ENABLE_MODULES = YES;
				CLANG_ENABLE_OBJC_ARC = YES;
				CLANG_ENABLE_OBJC_WEAK = YES;
				CLANG_WARN_BLOCK_CAPTURE_AUTORELEASING = YES;
				CLANG_WARN_BOOL_CONVERSION = YES;
				CLANG_WARN_COMMA = YES;
				CLANG_WARN_CONSTANT_CONVERSION = YES;
				CLANG_WARN_DEPRECATED_OBJC_IMPLEMENTATIONS = YES;
				CLANG_WARN_DIRECT_OBJC_ISA_USAGE = YES_ERROR;
				CLANG_WARN_DOCUMENTATION_COMMENTS = YES;
				CLANG_WARN_EMPTY_BODY = YES;
				CLANG_WARN_ENUM_CONVERSION = YES;
				CLANG_WARN_INFINITE_RECURSION = YES;
				CLANG_WARN_INT_CONVERSION = YES;
				CLANG_WARN_NON_LITERAL_NULL_CONVERSION = YES;
				CLANG_WARN_OBJC_IMPLICIT_RETAIN_SELF = YES;
				CLANG_WARN_OBJC_LITERAL_CONVERSION = YES;
				CLANG_WARN_OBJC_ROOT_CLASS = YES_ERROR;
				CLANG_WARN_RANGE_LOOP_ANALYSIS = YES;
				CLANG_WARN_STRICT_PROTOTYPES = YES;
				CLANG_WARN_SUSPICIOUS_MOVE = YES;
				CLANG_WARN_UNGUARDED_AVAILABILITY = YES_AGGRESSIVE;
				CLANG_WARN_UNREACHABLE_CODE = YES;
				CLANG_WARN__DUPLICATE_METHOD_MATCH = YES;
				CODE_SIGN_IDENTITY = "iPhone Developer";
				COPY_PHASE_STRIP = NO;
				DEBUG_INFORMATION_FORMAT = dwarf;
				ENABLE_STRICT_OBJC_MSGSEND = YES;
				ENABLE_TESTABILITY = YES;
				GCC_C_LANGUAGE_STANDARD = gnu11;
				GCC_DYNAMIC_NO_PIC = NO;
				GCC_NO_COMMON_BLOCKS = YES;
				GCC_OPTIMIZATION_LEVEL = 0;
				GCC_PREPROCESSOR_DEFINITIONS = (
					"DEBUG=1",
					"$(inherited)",
				);
				GCC_WARN_64_TO_32_BIT_CONVERSION = YES;
				GCC_WARN_ABOUT_RETURN_TYPE = YES_ERROR;
				GCC_WARN_UNDECLARED_SELECTOR = YES;
				GCC_WARN_UNINITIALIZED_AUTOS = YES_AGGRESSIVE;
				GCC_WARN_UNUSED_FUNCTION = YES;
				GCC_WARN_UNUSED_VARIABLE = YES;
				IPHONEOS_DEPLOYMENT_TARGET = 12.0;
				MTL_ENABLE_DEBUG_INFO = INCLUDE_SOURCE;
				MTL_FAST_MATH = YES;
				ONLY_ACTIVE_ARCH = YES;
				SDKROOT = iphoneos;
				SWIFT_ACTIVE_COMPILATION_CONDITIONS = DEBUG;
				SWIFT_OPTIMIZATION_LEVEL = "-Onone";
			};
			name = Debug;
		};
		63F0C6A5229ADD0B00352474 /* Release */ = {
			isa = XCBuildConfiguration;
			buildSettings = {
				ALWAYS_SEARCH_USER_PATHS = NO;
				CLANG_ANALYZER_NONNULL = YES;
				CLANG_ANALYZER_NUMBER_OBJECT_CONVERSION = YES_AGGRESSIVE;
				CLANG_CXX_LANGUAGE_STANDARD = "gnu++14";
				CLANG_CXX_LIBRARY = "libc++";
				CLANG_ENABLE_MODULES = YES;
				CLANG_ENABLE_OBJC_ARC = YES;
				CLANG_ENABLE_OBJC_WEAK = YES;
				CLANG_WARN_BLOCK_CAPTURE_AUTORELEASING = YES;
				CLANG_WARN_BOOL_CONVERSION = YES;
				CLANG_WARN_COMMA = YES;
				CLANG_WARN_CONSTANT_CONVERSION = YES;
				CLANG_WARN_DEPRECATED_OBJC_IMPLEMENTATIONS = YES;
				CLANG_WARN_DIRECT_OBJC_ISA_USAGE = YES_ERROR;
				CLANG_WARN_DOCUMENTATION_COMMENTS = YES;
				CLANG_WARN_EMPTY_BODY = YES;
				CLANG_WARN_ENUM_CONVERSION = YES;
				CLANG_WARN_INFINITE_RECURSION = YES;
				CLANG_WARN_INT_CONVERSION = YES;
				CLANG_WARN_NON_LITERAL_NULL_CONVERSION = YES;
				CLANG_WARN_OBJC_IMPLICIT_RETAIN_SELF = YES;
				CLANG_WARN_OBJC_LITERAL_CONVERSION = YES;
				CLANG_WARN_OBJC_ROOT_CLASS = YES_ERROR;
				CLANG_WARN_RANGE_LOOP_ANALYSIS = YES;
				CLANG_WARN_STRICT_PROTOTYPES = YES;
				CLANG_WARN_SUSPICIOUS_MOVE = YES;
				CLANG_WARN_UNGUARDED_AVAILABILITY = YES_AGGRESSIVE;
				CLANG_WARN_UNREACHABLE_CODE = YES;
				CLANG_WARN__DUPLICATE_METHOD_MATCH = YES;
				CODE_SIGN_IDENTITY = "iPhone Developer";
				COPY_PHASE_STRIP = NO;
				DEBUG_INFORMATION_FORMAT = "dwarf-with-dsym";
				ENABLE_NS_ASSERTIONS = NO;
				ENABLE_STRICT_OBJC_MSGSEND = YES;
				GCC_C_LANGUAGE_STANDARD = gnu11;
				GCC_NO_COMMON_BLOCKS = YES;
				GCC_WARN_64_TO_32_BIT_CONVERSION = YES;
				GCC_WARN_ABOUT_RETURN_TYPE = YES_ERROR;
				GCC_WARN_UNDECLARED_SELECTOR = YES;
				GCC_WARN_UNINITIALIZED_AUTOS = YES_AGGRESSIVE;
				GCC_WARN_UNUSED_FUNCTION = YES;
				GCC_WARN_UNUSED_VARIABLE = YES;
				IPHONEOS_DEPLOYMENT_TARGET = 12.0;
				MTL_ENABLE_DEBUG_INFO = NO;
				MTL_FAST_MATH = YES;
				SDKROOT = iphoneos;
				SWIFT_COMPILATION_MODE = wholemodule;
				SWIFT_OPTIMIZATION_LEVEL = "-O";
				VALIDATE_PRODUCT = YES;
			};
			name = Release;
		};
		63F0C6A7229ADD0B00352474 /* Debug */ = {
			isa = XCBuildConfiguration;
			buildSettings = {
				ASSETCATALOG_COMPILER_APPICON_NAME = AppIcon;
				CODE_SIGN_STYLE = Automatic;
				INFOPLIST_FILE = StructCopyOnWrite/Info.plist;
				LD_RUNPATH_SEARCH_PATHS = (
					"$(inherited)",
					"@executable_path/Frameworks",
				);
				PRODUCT_BUNDLE_IDENTIFIER = new.universal.collectionsticky.StructCopyOnWrite;
				PRODUCT_NAME = "$(TARGET_NAME)";
				SWIFT_VERSION = 4.2;
				TARGETED_DEVICE_FAMILY = "1,2";
			};
			name = Debug;
		};
		63F0C6A8229ADD0B00352474 /* Release */ = {
			isa = XCBuildConfiguration;
			buildSettings = {
				ASSETCATALOG_COMPILER_APPICON_NAME = AppIcon;
				CODE_SIGN_STYLE = Automatic;
				INFOPLIST_FILE = StructCopyOnWrite/Info.plist;
				LD_RUNPATH_SEARCH_PATHS = (
					"$(inherited)",
					"@executable_path/Frameworks",
				);
				PRODUCT_BUNDLE_IDENTIFIER = new.universal.collectionsticky.StructCopyOnWrite;
				PRODUCT_NAME = "$(TARGET_NAME)";
				SWIFT_VERSION = 4.2;
				TARGETED_DEVICE_FAMILY = "1,2";
			};
			name = Release;
		};
/* End XCBuildConfiguration section */

/* Begin XCConfigurationList section */
		63F0C68F229ADD0A00352474 /* Build configuration list for PBXProject "StructCopyOnWrite" */ = {
			isa = XCConfigurationList;
			buildConfigurations = (
				63F0C6A4229ADD0B00352474 /* Debug */,
				63F0C6A5229ADD0B00352474 /* Release */,
			);
			defaultConfigurationIsVisible = 0;
			defaultConfigurationName = Release;
		};
		63F0C6A6229ADD0B00352474 /* Build configuration list for PBXNativeTarget "StructCopyOnWrite" */ = {
			isa = XCConfigurationList;
			buildConfigurations = (
				63F0C6A7229ADD0B00352474 /* Debug */,
				63F0C6A8229ADD0B00352474 /* Release */,
			);
			defaultConfigurationIsVisible = 0;
			defaultConfigurationName = Release;
		};
/* End XCConfigurationList section */
	};
	rootObject = 63F0C68C229ADD0A00352474 /* Project object */;
}
